
Microsoft Visual Studio Solution File, Format Version 12.00
# Visual Studio Version 17
VisualStudioVersion = 17.6.33712.159
MinimumVisualStudioVersion = 10.0.40219.1
Project("{FAE04EC0-301F-11D3-BF4B-00C04F79EFBC}") = "ООО Техносервис", "ООО Техносервис\ООО Техносервис.csproj", "{DF8D1EB6-7635-435A-9198-8E1BB4011FCB}"
EndProject
Global
	GlobalSection(SolutionConfigurationPlatforms) = preSolution
		Debug|Any CPU = Debug|Any CPU
		Release|Any CPU = Release|Any CPU
	EndGlobalSection
	GlobalSection(ProjectConfigurationPlatforms) = postSolution
		{DF8D1EB6-7635-435A-9198-8E1BB4011FCB}.Debug|Any CPU.ActiveCfg = Debug|Any CPU
		{DF8D1EB6-7635-435A-9198-8E1BB4011FCB}.Debug|Any CPU.Build.0 = Debug|Any CPU
		{DF8D1EB6-7635-435A-9198-8E1BB4011FCB}.Release|Any CPU.ActiveCfg = Release|Any CPU
		{DF8D1EB6-7635-435A-9198-8E1BB4011FCB}.Release|Any CPU.Build.0 = Release|Any CPU
	EndGlobalSection
	GlobalSection(SolutionProperties) = preSolution
		HideSolutionNode = FALSE
	EndGlobalSection
	GlobalSection(ExtensibilityGlobals) = postSolution
		SolutionGuid = {76A875BD-EB13-409E-A87F-6415E21D8F50}
	EndGlobalSection
EndGlobal
